PODS:
  - Alamofire (4.8.2)
  - AppCenter (4.1.0):
    - AppCenter/Analytics (= 4.1.0)
    - AppCenter/Crashes (= 4.1.0)
  - AppCenter/Analytics (4.1.0):
    - AppCenter/Core
  - AppCenter/Core (4.1.0)
  - AppCenter/Crashes (4.1.0):
    - AppCenter/Core
  - CryptoSwift (1.4.0)
  - Eureka (5.3.2)
  - Firebase/Analytics (7.6.0):
    - Firebase/Core
  - Firebase/Core (7.6.0):
    - Firebase/CoreOnly
    - FirebaseAnalytics (= 7.6.0)
  - Firebase/CoreOnly (7.6.0):
    - FirebaseCore (= 7.6.0)
  - FirebaseAnalytics (7.6.0):
    - FirebaseCore (~> 7.0)
    - FirebaseInstallations (~> 7.0)
    - GoogleAppMeasurement (= 7.6.0)
    - GoogleUtilities/AppDelegateSwizzler (~> 7.0)
    - GoogleUtilities/MethodSwizzler (~> 7.0)
    - GoogleUtilities/Network (~> 7.0)
    - "GoogleUtilities/NSData+zlib (~> 7.0)"
    - nanopb (~> 2.30907.0)
  - FirebaseCore (7.6.0):
    - FirebaseCoreDiagnostics (~> 7.4)
    - GoogleUtilities/Environment (~> 7.0)
    - GoogleUtilities/Logger (~> 7.0)
  - FirebaseCoreDiagnostics (7.6.0):
    - GoogleDataTransport (~> 8.0)
    - GoogleUtilities/Environment (~> 7.0)
    - GoogleUtilities/Logger (~> 7.0)
    - nanopb (~> 2.30907.0)
  - FirebaseInstallations (7.6.0):
    - FirebaseCore (~> 7.0)
    - GoogleUtilities/Environment (~> 7.0)
    - GoogleUtilities/UserDefaults (~> 7.0)
    - PromisesObjC (~> 1.2)
  - FTPropertyWrappers (1.1.0)
  - GCDWebServer (3.5.2):
    - GCDWebServer/Core (= 3.5.2)
  - GCDWebServer/Core (3.5.2)
  - GoogleAppMeasurement (7.6.0):
    - GoogleUtilities/AppDelegateSwizzler (~> 7.0)
    - GoogleUtilities/MethodSwizzler (~> 7.0)
    - GoogleUtilities/Network (~> 7.0)
    - "GoogleUtilities/NSData+zlib (~> 7.0)"
    - nanopb (~> 2.30907.0)
  - GoogleDataTransport (8.2.0):
    - nanopb (~> 2.30907.0)
  - GoogleMobileVision/Detector (1.6.0):
    - GoogleToolboxForMac/Logger (~> 2.1)
    - "GoogleToolboxForMac/NSData+zlib (~> 2.1)"
    - GTMSessionFetcher/Core (~> 1.1)
    - Protobuf (~> 3.1)
  - GoogleMobileVision/TextDetector (1.6.0):
    - GoogleMobileVision/Detector (~> 1.6)
  - GoogleToolboxForMac/Defines (2.3.1)
  - GoogleToolboxForMac/Logger (2.3.1):
    - GoogleToolboxForMac/Defines (= 2.3.1)
  - "GoogleToolboxForMac/NSData+zlib (2.3.1)":
    - GoogleToolboxForMac/Defines (= 2.3.1)
  - GoogleUtilities/AppDelegateSwizzler (7.2.2):
    - GoogleUtilities/Environment
    - GoogleUtilities/Logger
    - GoogleUtilities/Network
  - GoogleUtilities/Environment (7.2.2):
    - PromisesObjC (~> 1.2)
  - GoogleUtilities/Logger (7.2.2):
    - GoogleUtilities/Environment
  - GoogleUtilities/MethodSwizzler (7.2.2):
    - GoogleUtilities/Logger
  - GoogleUtilities/Network (7.2.2):
    - GoogleUtilities/Logger
    - "GoogleUtilities/NSData+zlib"
    - GoogleUtilities/Reachability
  - "GoogleUtilities/NSData+zlib (7.2.2)"
  - GoogleUtilities/Reachability (7.2.2):
    - GoogleUtilities/Logger
  - GoogleUtilities/UserDefaults (7.2.2):
    - GoogleUtilities/Logger
  - GRMustache (7.3.2):
    - JRSwizzle (~> 1.0)
  - GTMSessionFetcher/Core (1.5.0)
  - ImagePicker (3.2.0)
  - JGProgressHUD (2.1)
  - JRSwizzle (1.0)
  - KeychainAccess (4.2.1)
  - nanopb (2.30907.0):
    - nanopb/decode (= 2.30907.0)
    - nanopb/encode (= 2.30907.0)
  - nanopb/decode (2.30907.0)
  - nanopb/encode (2.30907.0)
  - Nuke (7.5.2)
  - ObjectMapper (3.5.1)
  - OpenALPRSwift (2.0.0):
    - OpenCV (~> 3.1.0.1)
    - TesseractOCRiOS (~> 5.0.1)
  - OpenCV (3.1.0.1)
  - PromisesObjC (1.2.12)
  - Protobuf (3.14.0)
  - QRCoder (1.1.0)
  - QRCodeReader.swift (10.0.0)
  - ReSwift (4.1.1)
  - RxSwift (5.0.0)
  - SocketRocket (0.5.1)
  - SSZipArchive (2.2.2)
  - StompClientLib (1.3.7):
    - SocketRocket
  - SwiftLCS (1.3.4):
    - SwiftLCS/Core (= 1.3.4)
  - SwiftLCS/Core (1.3.4)
  - SwiftyJSON (4.3.0)
  - TesseractOCRiOS (5.0.1)

DEPENDENCIES:
  - Alamofire (~> 4.7)
  - AppCenter
  - CryptoSwift
  - Eureka
  - Firebase/Analytics
  - FTPropertyWrappers (~> 1.1)
  - GCDWebServer (~> 3.0)
  - GoogleMobileVision/TextDetector
  - GRMustache
  - ImagePicker (from `Dependencies/checkouts/ImagePicker`)
  - JGProgressHUD
  - KeychainAccess
  - Nuke
  - ObjectMapper (~> 3.4)
  - OpenALPRSwift (~> 2.0.0)
  - QRCoder
  - QRCodeReader.swift (~> 10.0.0)
  - ReSwift
  - RxSwift (~> 5.0)
  - SSZipArchive
  - StompClientLib
  - SwiftLCS
  - SwiftyJSON (~> 4.0)

SPEC REPOS:
  trunk:
    - Alamofire
    - AppCenter
    - CryptoSwift
    - Eureka
    - Firebase
    - FirebaseAnalytics
    - FirebaseCore
    - FirebaseCoreDiagnostics
    - FirebaseInstallations
    - FTPropertyWrappers
    - GCDWebServer
    - GoogleAppMeasurement
    - GoogleDataTransport
    - GoogleMobileVision
    - GoogleToolboxForMac
    - GoogleUtilities
    - GRMustache
    - GTMSessionFetcher
    - JGProgressHUD
    - JRSwizzle
    - KeychainAccess
    - nanopb
    - Nuke
    - ObjectMapper
    - OpenALPRSwift
    - OpenCV
    - PromisesObjC
    - Protobuf
    - QRCoder
    - QRCodeReader.swift
    - ReSwift
    - RxSwift
    - SocketRocket
    - SSZipArchive
    - StompClientLib
    - SwiftLCS
    - SwiftyJSON
    - TesseractOCRiOS

EXTERNAL SOURCES:
  ImagePicker:
    :path: Dependencies/checkouts/ImagePicker

SPEC CHECKSUMS:
  Alamofire: ae5c501addb7afdbb13687d7f2f722c78734c2d3
  AppCenter: 8832b158d17e54845c3b88a91076218f0b07174d
  CryptoSwift: 7cc902df1784de3b389a387756c7d710f197730c
  Eureka: 1c2b8b5892bfb0e972d0fe05f8c09fd89f8625ec
  Firebase: e1e089d9aac215a52442583f818ab61de3c4581b
  FirebaseAnalytics: 9f8f4feab1f3fddf4e4515f8f022fe6aa9e51043
  FirebaseCore: 0a43b7f1c5b36f3358cd703011ca4c7e0df55870
  FirebaseCoreDiagnostics: ee1184d51da3293335b83355aad20f537acc24cf
  FirebaseInstallations: 6e4e77396559bc2ae0504823837ed737b1c7e47f
  FTPropertyWrappers: ef2a20764de3d9b1080247a2ad046688e577da4e
  GCDWebServer: ead88cd14596dd4eae4f5830b8877c87c8728990
  GoogleAppMeasurement: c542a2feaac9ab98fd074e8f1a02c3585bbfbd47
  GoogleDataTransport: 1024b1a4dfbd7a0e92cb20d7e0a6f1fb66b449a4
  GoogleMobileVision: 31cfb4319fd0c03d80105680abd9eae9da5e3b47
  GoogleToolboxForMac: 471e0c05d39506e50e6398f46fa9a12ae0efeff9
  GoogleUtilities: 31c5b01f978a70c6cff2afc6272b3f1921614b43
  GRMustache: ebe6104fd30a6d22c1f36af131e19e2dbf7cd292
  GTMSessionFetcher: b3503b20a988c4e20cc189aa798fd18220133f52
  ImagePicker: 1d950bbb2422548ed58791b4ec7f42fe42920511
  JGProgressHUD: aa403e9a5b45cae98903c4600cccdd98c0c3ec90
  JRSwizzle: dd5ead5d913a0f29e7f558200165849f006bb1e3
  KeychainAccess: 9b07f665298d13c3a85881bd3171f6f49b8151c1
  nanopb: 59221d7f958fb711001e6a449489542d92ae113e
  Nuke: 0350d346a688426e8f2331253ef28dc2fc4f6178
  ObjectMapper: 70187b8941977c62ccfb423caf6b50be405cabf0
  OpenALPRSwift: 93fbf99bbb4f99ae0b28ed4bba9efbc3ac47b56e
  OpenCV: 41c4250e2b06a394d6fbb634b5fa622cdd846018
  PromisesObjC: 3113f7f76903778cf4a0586bd1ab89329a0b7b97
  Protobuf: 0cde852566359049847168e51bd1c690e0f70056
  QRCoder: cbd2bee531cc86d286df7942334cfed94c803ae4
  QRCodeReader.swift: 74d0378eb0c7807828552b49626bbc8307495aee
  ReSwift: d925be0033558f55bd73d92869961230dfe19d52
  RxSwift: 8b0671caa829a763bbce7271095859121cbd895f
  SocketRocket: d57c7159b83c3c6655745cd15302aa24b6bae531
  SSZipArchive: fa16b8cc4cdeceb698e5e5d9f67e9558532fbf23
  StompClientLib: c9361dd2f8baa05998f61a79d4c5b5be0d93744b
  SwiftLCS: e4570005248eb9dccf6d0f1e67d37a9cdaa332d7
  SwiftyJSON: 6faa0040f8b59dead0ee07436cbf76b73c08fd08
  TesseractOCRiOS: 2c189465f86abb030d0c5141c90da9705b647854

PODFILE CHECKSUM: 067c3a89b85456422ed0382e5acaa07a51dd4c97

COCOAPODS: 1.10.2
